// !$*UTF8*$!
{
	archiveVersion = 1;
	classes = {
	};
	objectVersion = 46;
	objects = {

/* Begin PBXBuildFile section */
		522574B31E11FD1200333C15 /* AppDelegate.swift in Sources */ = {isa = PBXBuildFile; fileRef = 522574B21E11FD1200333C15 /* AppDelegate.swift */; };
		522574B51E11FD1200333C15 /* GameScene.sks in Resources */ = {isa = PBXBuildFile; fileRef = 522574B41E11FD1200333C15 /* GameScene.sks */; };
		522574B71E11FD1200333C15 /* Actions.sks in Resources */ = {isa = PBXBuildFile; fileRef = 522574B61E11FD1200333C15 /* Actions.sks */; };
		522574B91E11FD1200333C15 /* GameScene.swift in Sources */ = {isa = PBXBuildFile; fileRef = 522574B81E11FD1200333C15 /* GameScene.swift */; };
		522574BB1E11FD1200333C15 /* GameViewController.swift in Sources */ = {isa = PBXBuildFile; fileRef = 522574BA1E11FD1200333C15 /* GameViewController.swift */; };
		522574BE1E11FD1200333C15 /* Main.storyboard in Resources */ = {isa = PBXBuildFile; fileRef = 522574BC1E11FD1200333C15 /* Main.storyboard */; };
		522574C01E11FD1200333C15 /* Assets.xcassets in Resources */ = {isa = PBXBuildFile; fileRef = 522574BF1E11FD1200333C15 /* Assets.xcassets */; };
		522574C31E11FD1200333C15 /* LaunchScreen.storyboard in Resources */ = {isa = PBXBuildFile; fileRef = 522574C11E11FD1200333C15 /* LaunchScreen.storyboard */; };
		5255DFAB1E15875B0043B197 /* GameScene.swift in Sources */ = {isa = PBXBuildFile; fileRef = 522574B81E11FD1200333C15 /* GameScene.swift */; };
		5255DFAD1E15877B0043B197 /* Actions.sks in Resources */ = {isa = PBXBuildFile; fileRef = 522574B61E11FD1200333C15 /* Actions.sks */; };
		5255DFAE1E15877F0043B197 /* GameScene.sks in Resources */ = {isa = PBXBuildFile; fileRef = 522574B41E11FD1200333C15 /* GameScene.sks */; };
		5255DFAF1E15878F0043B197 /* Assets.xcassets in Resources */ = {isa = PBXBuildFile; fileRef = 522574BF1E11FD1200333C15 /* Assets.xcassets */; };
/* End PBXBuildFile section */

/* Begin PBXFileReference section */
		522574AF1E11FD1200333C15 /* SpriteKitTest.app */ = {isa = PBXFileReference; explicitFileType = wrapper.application; includeInIndex = 0; path = SpriteKitTest.app; sourceTree = BUILT_PRODUCTS_DIR; };
		522574B21E11FD1200333C15 /* AppDelegate.swift */ = {isa = PBXFileReference; lastKnownFileType = sourcecode.swift; path = AppDelegate.swift; sourceTree = "<group>"; };
		522574B41E11FD1200333C15 /* GameScene.sks */ = {isa = PBXFileReference; lastKnownFileType = file.sks; path = GameScene.sks; sourceTree = "<group>"; };
		522574B61E11FD1200333C15 /* Actions.sks */ = {isa = PBXFileReference; lastKnownFileType = file.sks; path = Actions.sks; sourceTree = "<group>"; };
		522574B81E11FD1200333C15 /* GameScene.swift */ = {isa = PBXFileReference; lastKnownFileType = sourcecode.swift; path = GameScene.swift; sourceTree = "<group>"; };
		522574BA1E11FD1200333C15 /* GameViewController.swift */ = {isa = PBXFileReference; lastKnownFileType = sourcecode.swift; path = GameViewController.swift; sourceTree = "<group>"; };
		522574BD1E11FD1200333C15 /* Base */ = {isa = PBXFileReference; lastKnownFileType = file.storyboard; name = Base; path = Base.lproj/Main.storyboard; sourceTree = "<group>"; };
		522574BF1E11FD1200333C15 /* Assets.xcassets */ = {isa = PBXFileReference; lastKnownFileType = folder.assetcatalog; path = Assets.xcassets; sourceTree = "<group>"; };
		522574C21E11FD1200333C15 /* Base */ = {isa = PBXFileReference; lastKnownFileType = file.storyboard; name = Base; path = Base.lproj/LaunchScreen.storyboard; sourceTree = "<group>"; };
		522574C41E11FD1200333C15 /* Info.plist */ = {isa = PBXFileReference; lastKnownFileType = text.plist.xml; path = Info.plist; sourceTree = "<group>"; };
		5255DF941E1586CF0043B197 /* SKT tvOS.app */ = {isa = PBXFileReference; explicitFileType = wrapper.application; includeInIndex = 0; path = "SKT tvOS.app"; sourceTree = BUILT_PRODUCTS_DIR; };
/* End PBXFileReference section */

/* Begin PBXFrameworksBuildPhase section */
		522574AC1E11FD1200333C15 /* Frameworks */ = {
			isa = PBXFrameworksBuildPhase;
			buildActionMask = 2147483647;
			files = (
			);
			runOnlyForDeploymentPostprocessing = 0;
		};
		5255DF911E1586CF0043B197 /* Frameworks */ = {
			isa = PBXFrameworksBuildPhase;
			buildActionMask = 2147483647;
			files = (
			);
			runOnlyForDeploymentPostprocessing = 0;
		};
/* End PBXFrameworksBuildPhase section */

/* Begin PBXGroup section */
		522574A61E11FD1200333C15 = {
			isa = PBXGroup;
			children = (
				522574B11E11FD1200333C15 /* SpriteKitTest */,
				522574B01E11FD1200333C15 /* Products */,
			);
			sourceTree = "<group>";
		};
		522574B01E11FD1200333C15 /* Products */ = {
			isa = PBXGroup;
			children = (
				522574AF1E11FD1200333C15 /* SpriteKitTest.app */,
				5255DF941E1586CF0043B197 /* SKT tvOS.app */,
			);
			name = Products;
			sourceTree = "<group>";
		};
		522574B11E11FD1200333C15 /* SpriteKitTest */ = {
			isa = PBXGroup;
			children = (
				522574B21E11FD1200333C15 /* AppDelegate.swift */,
				522574B41E11FD1200333C15 /* GameScene.sks */,
				522574B61E11FD1200333C15 /* Actions.sks */,
				522574B81E11FD1200333C15 /* GameScene.swift */,
				522574BA1E11FD1200333C15 /* GameViewController.swift */,
				522574BC1E11FD1200333C15 /* Main.storyboard */,
				522574BF1E11FD1200333C15 /* Assets.xcassets */,
				522574C11E11FD1200333C15 /* LaunchScreen.storyboard */,
				522574C41E11FD1200333C15 /* Info.plist */,
			);
			path = SpriteKitTest;
			sourceTree = "<group>";
		};
/* End PBXGroup section */

/* Begin PBXNativeTarget section */
		522574AE1E11FD1200333C15 /* SpriteKitTest */ = {
			isa = PBXNativeTarget;
			buildConfigurationList = 522574C71E11FD1200333C15 /* Build configuration list for PBXNativeTarget "SpriteKitTest" */;
			buildPhases = (
				522574AB1E11FD1200333C15 /* Sources */,
				522574AC1E11FD1200333C15 /* Frameworks */,
				522574AD1E11FD1200333C15 /* Resources */,
			);
			buildRules = (
			);
			dependencies = (
			);
			name = SpriteKitTest;
			productName = SpriteKitTest;
			productReference = 522574AF1E11FD1200333C15 /* SpriteKitTest.app */;
			productType = "com.apple.product-type.application";
		};
		5255DF931E1586CF0043B197 /* SKT tvOS */ = {
			isa = PBXNativeTarget;
			buildConfigurationList = 5255DFAA1E1586CF0043B197 /* Build configuration list for PBXNativeTarget "SKT tvOS" */;
			buildPhases = (
				5255DF901E1586CF0043B197 /* Sources */,
				5255DF911E1586CF0043B197 /* Frameworks */,
				5255DF921E1586CF0043B197 /* Resources */,
			);
			buildRules = (
			);
			dependencies = (
			);
			name = "SKT tvOS";
			productName = "SKT tvOS";
			productReference = 5255DF941E1586CF0043B197 /* SKT tvOS.app */;
			productType = "com.apple.product-type.application";
		};
/* End PBXNativeTarget section */

/* Begin PBXProject section */
		522574A71E11FD1200333C15 /* Project object */ = {
			isa = PBXProject;
			attributes = {
				LastSwiftUpdateCheck = 0820;
				LastUpgradeCheck = 0820;
				ORGANIZATIONNAME = Gameli;
				TargetAttributes = {
					522574AE1E11FD1200333C15 = {
						CreatedOnToolsVersion = 8.2.1;
						ProvisioningStyle = Manual;
					};
					5255DF931E1586CF0043B197 = {
						CreatedOnToolsVersion = 8.2.1;
						ProvisioningStyle = Manual;
					};
				};
			};
			buildConfigurationList = 522574AA1E11FD1200333C15 /* Build configuration list for PBXProject "SpriteKitTest" */;
			compatibilityVersion = "Xcode 3.2";
			developmentRegion = English;
			hasScannedForEncodings = 0;
			knownRegions = (
				en,
				Base,
			);
			mainGroup = 522574A61E11FD1200333C15;
			productRefGroup = 522574B01E11FD1200333C15 /* Products */;
			projectDirPath = "";
			projectRoot = "";
			targets = (
				522574AE1E11FD1200333C15 /* SpriteKitTest */,
				5255DF931E1586CF0043B197 /* SKT tvOS */,
			);
		};
/* End PBXProject section */

/* Begin PBXResourcesBuildPhase section */
		522574AD1E11FD1200333C15 /* Resources */ = {
			isa = PBXResourcesBuildPhase;
			buildActionMask = 2147483647;
			files = (
				522574BE1E11FD1200333C15 /* Main.storyboard in Resources */,
				522574B51E11FD1200333C15 /* GameScene.sks in Resources */,
				522574C01E11FD1200333C15 /* Assets.xcassets in Resources */,
				522574C31E11FD1200333C15 /* LaunchScreen.storyboard in Resources */,
				522574B71E11FD1200333C15 /* Actions.sks in Resources */,
			);
			runOnlyForDeploymentPostprocessing = 0;
		};
		5255DF921E1586CF0043B197 /* Resources */ = {
			isa = PBXResourcesBuildPhase;
			buildActionMask = 2147483647;
			files = (
				5255DFAF1E15878F0043B197 /* Assets.xcassets in Resources */,
				5255DFAE1E15877F0043B197 /* GameScene.sks in Resources */,
				5255DFAD1E15877B0043B197 /* Actions.sks in Resources */,
			);
			runOnlyForDeploymentPostprocessing = 0;
		};
/* End PBXResourcesBuildPhase section */

/* Begin PBXSourcesBuildPhase section */
		522574AB1E11FD1200333C15 /* Sources */ = {
			isa = PBXSourcesBuildPhase;
			buildActionMask = 2147483647;
			files = (
				522574B91E11FD1200333C15 /* GameScene.swift in Sources */,
				522574BB1E11FD1200333C15 /* GameViewController.swift in Sources */,
				522574B31E11FD1200333C15 /* AppDelegate.swift in Sources */,
			);
			runOnlyForDeploymentPostprocessing = 0;
		};
		5255DF901E1586CF0043B197 /* Sources */ = {
			isa = PBXSourcesBuildPhase;
			buildActionMask = 2147483647;
			files = (
				5255DFAB1E15875B0043B197 /* GameScene.swift in Sources */,
			);
			runOnlyForDeploymentPostprocessing = 0;
		};
/* End PBXSourcesBuildPhase section */

/* Begin PBXVariantGroup section */
		522574BC1E11FD1200333C15 /* Main.storyboard */ = {
			isa = PBXVariantGroup;
			children = (
				522574BD1E11FD1200333C15 /* Base */,
			);
			name = Main.storyboard;
			sourceTree = "<group>";
		};
		522574C11E11FD1200333C15 /* LaunchScreen.storyboard */ = {
			isa = PBXVariantGroup;
			children = (
				522574C21E11FD1200333C15 /* Base */,
			);
			name = LaunchScreen.storyboard;
			sourceTree = "<group>";
		};
/* End PBXVariantGroup section */

/* Begin XCBuildConfiguration section */
		522574C51E11FD1200333C15 /* Debug */ = {
			isa = XCBuildConfiguration;
			buildSettings = {
				ALWAYS_SEARCH_USER_PATHS = NO;
				CLANG_ANALYZER_NONNULL = YES;
				CLANG_CXX_LANGUAGE_STANDARD = "gnu++0x";
				CLANG_CXX_LIBRARY = "libc++";
				CLANG_ENABLE_MODULES = YES;
				CLANG_ENABLE_OBJC_ARC = YES;
				CLANG_WARN_BOOL_CONVERSION = YES;
				CLANG_WARN_CONSTANT_CONVERSION = YES;
				CLANG_WARN_DIRECT_OBJC_ISA_USAGE = YES_ERROR;
				CLANG_WARN_DOCUMENTATION_COMMENTS = YES;
				CLANG_WARN_EMPTY_BODY = YES;
				CLANG_WARN_ENUM_CONVERSION = YES;
				CLANG_WARN_INFINITE_RECURSION = YES;
				CLANG_WARN_INT_CONVERSION = YES;
				CLANG_WARN_OBJC_ROOT_CLASS = YES_ERROR;
				CLANG_WARN_SUSPICIOUS_MOVE = YES;
				CLANG_WARN_UNREACHABLE_CODE = YES;
				CLANG_WARN__DUPLICATE_METHOD_MATCH = YES;
				"CODE_SIGN_IDENTITY[sdk=iphoneos*]" = "iPhone Developer";
				COPY_PHASE_STRIP = NO;
				DEBUG_INFORMATION_FORMAT = dwarf;
				ENABLE_STRICT_OBJC_MSGSEND = YES;
				ENABLE_TESTABILITY = YES;
				GCC_C_LANGUAGE_STANDARD = gnu99;
				GCC_DYNAMIC_NO_PIC = NO;
				GCC_NO_COMMON_BLOCKS = YES;
				GCC_OPTIMIZATION_LEVEL = 0;
				GCC_PREPROCESSOR_DEFINITIONS = (
					"DEBUG=1",
					"$(inherited)",
				);
				GCC_WARN_64_TO_32_BIT_CONVERSION = YES;
				GCC_WARN_ABOUT_RETURN_TYPE = YES_ERROR;
				GCC_WARN_UNDECLARED_SELECTOR = YES;
				GCC_WARN_UNINITIALIZED_AUTOS = YES_AGGRESSIVE;
				GCC_WARN_UNUSED_FUNCTION = YES;
				GCC_WARN_UNUSED_VARIABLE = YES;
				IPHONEOS_DEPLOYMENT_TARGET = 10.2;
				MTL_ENABLE_DEBUG_INFO = YES;
				ONLY_ACTIVE_ARCH = YES;
				SDKROOT = iphoneos;
				SWIFT_ACTIVE_COMPILATION_CONDITIONS = DEBUG;
				SWIFT_OPTIMIZATION_LEVEL = "-Onone";
				TARGETED_DEVICE_FAMILY = "1,2";
			};
			name = Debug;
		};
		522574C61E11FD1200333C15 /* Release */ = {
			isa = XCBuildConfiguration;
			buildSettings = {
				ALWAYS_SEARCH_USER_PATHS = NO;
				CLANG_ANALYZER_NONNULL = YES;
				CLANG_CXX_LANGUAGE_STANDARD = "gnu++0x";
				CLANG_CXX_LIBRARY = "libc++";
				CLANG_ENABLE_MODULES = YES;
				CLANG_ENABLE_OBJC_ARC = YES;
				CLANG_WARN_BOOL_CONVERSION = YES;
				CLANG_WARN_CONSTANT_CONVERSION = YES;
				CLANG_WARN_DIRECT_OBJC_ISA_USAGE = YES_ERROR;
				CLANG_WARN_DOCUMENTATION_COMMENTS = YES;
				CLANG_WARN_EMPTY_BODY = YES;
				CLANG_WARN_ENUM_CONVERSION = YES;
				CLANG_WARN_INFINITE_RECURSION = YES;
				CLANG_WARN_INT_CONVERSION = YES;
				CLANG_WARN_OBJC_ROOT_CLASS = YES_ERROR;
				CLANG_WARN_SUSPICIOUS_MOVE = YES;
				CLANG_WARN_UNREACHABLE_CODE = YES;
				CLANG_WARN__DUPLICATE_METHOD_MATCH = YES;
				"CODE_SIGN_IDENTITY[sdk=iphoneos*]" = "iPhone Developer";
				COPY_PHASE_STRIP = NO;
				DEBUG_INFORMATION_FORMAT = "dwarf-with-dsym";
				ENABLE_NS_ASSERTIONS = NO;
				ENABLE_STRICT_OBJC_MSGSEND = YES;
				GCC_C_LANGUAGE_STANDARD = gnu99;
				GCC_NO_COMMON_BLOCKS = YES;
				GCC_WARN_64_TO_32_BIT_CONVERSION = YES;
				GCC_WARN_ABOUT_RETURN_TYPE = YES_ERROR;
				GCC_WARN_UNDECLARED_SELECTOR = YES;
				GCC_WARN_UNINITIALIZED_AUTOS = YES_AGGRESSIVE;
				GCC_WARN_UNUSED_FUNCTION = YES;
				GCC_WARN_UNUSED_VARIABLE = YES;
				IPHONEOS_DEPLOYMENT_TARGET = 10.2;
				MTL_ENABLE_DEBUG_INFO = NO;
				SDKROOT = iphoneos;
				SWIFT_OPTIMIZATION_LEVEL = "-Owholemodule";
				TARGETED_DEVICE_FAMILY = "1,2";
				VALIDATE_PRODUCT = YES;
			};
			name = Release;
		};
		522574C81E11FD1200333C15 /* Debug */ = {
			isa = XCBuildConfiguration;
			buildSettings = {
				ASSETCATALOG_COMPILER_APPICON_NAME = AppIcon;
				DEVELOPMENT_TEAM = "";
				INFOPLIST_FILE = SpriteKitTest/Info.plist;
				IPHONEOS_DEPLOYMENT_TARGET = 10.2;
				LD_RUNPATH_SEARCH_PATHS = "$(inherited) @executable_path/Frameworks";
				PRODUCT_BUNDLE_IDENTIFIER = com.li.SpriteKitTest;
				PRODUCT_NAME = "$(TARGET_NAME)";
				SWIFT_VERSION = 3.0;
			};
			name = Debug;
		};
		522574C91E11FD1200333C15 /* Release */ = {
			isa = XCBuildConfiguration;
			buildSettings = {
				ASSETCATALOG_COMPILER_APPICON_NAME = AppIcon;
				DEVELOPMENT_TEAM = "";
				INFOPLIST_FILE = SpriteKitTest/Info.plist;
				IPHONEOS_DEPLOYMENT_TARGET = 10.2;
				LD_RUNPATH_SEARCH_PATHS = "$(inherited) @executable_path/Frameworks";
				PRODUCT_BUNDLE_IDENTIFIER = com.li.SpriteKitTest;
				PRODUCT_NAME = "$(TARGET_NAME)";
				SWIFT_VERSION = 3.0;
			};
			name = Release;
		};
		5255DFA81E1586CF0043B197 /* Debug */ = {
			isa = XCBuildConfiguration;
			buildSettings = {
				ASSETCATALOG_COMPILER_APPICON_NAME = "App Icon & Top Shelf Image";
				ASSETCATALOG_COMPILER_LAUNCHIMAGE_NAME = LaunchImage;
				DEVELOPMENT_TEAM = "";
				INFOPLIST_FILE = "SKT tvOS/Info.plist";
				LD_RUNPATH_SEARCH_PATHS = "$(inherited) @executable_path/Frameworks";
				PRODUCT_BUNDLE_IDENTIFIER = "com.li.SKT-tvOS";
				PRODUCT_NAME = "$(TARGET_NAME)";
				SDKROOT = appletvos;
				SWIFT_VERSION = 3.0;
				TARGETED_DEVICE_FAMILY = 3;
				TVOS_DEPLOYMENT_TARGET = 10.1;
			};
			name = Debug;
		};
		5255DFA91E1586CF0043B197 /* Release */ = {
			isa = XCBuildConfiguration;
			buildSettings = {
				ASSETCATALOG_COMPILER_APPICON_NAME = "App Icon & Top Shelf Image";
				ASSETCATALOG_COMPILER_LAUNCHIMAGE_NAME = LaunchImage;
				DEVELOPMENT_TEAM = "";
				INFOPLIST_FILE = "SKT tvOS/Info.plist";
				LD_RUNPATH_SEARCH_PATHS = "$(inherited) @executable_path/Frameworks";
				PRODUCT_BUNDLE_IDENTIFIER = "com.li.SKT-tvOS";
				PRODUCT_NAME = "$(TARGET_NAME)";
				SDKROOT = appletvos;
				SWIFT_VERSION = 3.0;
				TARGETED_DEVICE_FAMILY = 3;
				TVOS_DEPLOYMENT_TARGET = 10.1;
			};
			name = Release;
		};
/* End XCBuildConfiguration section */

/* Begin XCConfigurationList section */
		522574AA1E11FD1200333C15 /* Build configuration list for PBXProject "SpriteKitTest" */ = {
			isa = XCConfigurationList;
			buildConfigurations = (
				522574C51E11FD1200333C15 /* Debug */,
				522574C61E11FD1200333C15 /* Release */,
			);
			defaultConfigurationIsVisible = 0;
			defaultConfigurationName = Release;
		};
		522574C71E11FD1200333C15 /* Build configuration list for PBXNativeTarget "SpriteKitTest" */ = {
			isa = XCConfigurationList;
			buildConfigurations = (
				522574C81E11FD1200333C15 /* Debug */,
				522574C91E11FD1200333C15 /* Release */,
			);
			defaultConfigurationIsVisible = 0;
			defaultConfigurationName = Release;
		};
		5255DFAA1E1586CF0043B197 /* Build configuration list for PBXNativeTarget "SKT tvOS" */ = {
			isa = XCConfigurationList;
			buildConfigurations = (
				5255DFA81E1586CF0043B197 /* Debug */,
				5255DFA91E1586CF0043B197 /* Release */,
			);
			defaultConfigurationIsVisible = 0;
		};
/* End XCConfigurationList section */
	};
	rootObject = 522574A71E11FD1200333C15 /* Project object */;
}
